
Microsoft Visual Studio Solution File, Format Version 12.00
# Visual Studio Version 16
VisualStudioVersion = 16.0.31515.178
MinimumVisualStudioVersion = 10.0.40219.1
Project("{FAE04EC0-301F-11D3-BF4B-00C04F79EFBC}") = "LivroLibrary", "LivroLibrary\LivroLibrary.csproj", "{68CAE198-BFEB-49BC-994D-9B181B742C76}"
EndProject
Project("{FAE04EC0-301F-11D3-BF4B-00C04F79EFBC}") = "WebAppLivro", "WebAppLivro\WebAppLivro.csproj", "{68F1F856-C1A0-40F6-A191-8EF174B14911}"
EndProject
Project("{FAE04EC0-301F-11D3-BF4B-00C04F79EFBC}") = "GerenciadorDeLivros", "GerenciadorDeLivros\GerenciadorDeLivros.csproj", "{C739073A-3F58-43F0-AE4B-945AAA277333}"
EndProject
Global
	GlobalSection(SolutionConfigurationPlatforms) = preSolution
		Debug|Any CPU = Debug|Any CPU
		Release|Any CPU = Release|Any CPU
	EndGlobalSection
	GlobalSection(ProjectConfigurationPlatforms) = postSolution
		{68CAE198-BFEB-49BC-994D-9B181B742C76}.Debug|Any CPU.ActiveCfg = Debug|Any CPU
		{68CAE198-BFEB-49BC-994D-9B181B742C76}.Debug|Any CPU.Build.0 = Debug|Any CPU
		{68CAE198-BFEB-49BC-994D-9B181B742C76}.Release|Any CPU.ActiveCfg = Release|Any CPU
		{68CAE198-BFEB-49BC-994D-9B181B742C76}.Release|Any CPU.Build.0 = Release|Any CPU
		{68F1F856-C1A0-40F6-A191-8EF174B14911}.Debug|Any CPU.ActiveCfg = Debug|Any CPU
		{68F1F856-C1A0-40F6-A191-8EF174B14911}.Debug|Any CPU.Build.0 = Debug|Any CPU
		{68F1F856-C1A0-40F6-A191-8EF174B14911}.Release|Any CPU.ActiveCfg = Release|Any CPU
		{68F1F856-C1A0-40F6-A191-8EF174B14911}.Release|Any CPU.Build.0 = Release|Any CPU
	EndGlobalSection
	GlobalSection(SolutionProperties) = preSolution
		HideSolutionNode = FALSE
	EndGlobalSection
	GlobalSection(ExtensibilityGlobals) = postSolution
		SolutionGuid = {4994E98B-127C-40EE-8C46-3D4139C234B2}
	EndGlobalSection
EndGlobal
